
Microsoft Visual Studio Solution File, Format Version 12.00
# Visual Studio 15
VisualStudioVersion = 15.0.27428.2037
MinimumVisualStudioVersion = 10.0.40219.1
Project("{9A19103F-16F7-4668-BE54-9A1E7A4F7556}") = "BrewOS", "BrewOS\BrewOS.csproj", "{F39146A7-EC0C-4D6E-B1F6-A4E8472BF6BB}"
EndProject
Project("{9A19103F-16F7-4668-BE54-9A1E7A4F7556}") = "I2C_Communicator", "I2C_Communicator\I2C_Communicator.csproj", "{93874A1C-9CF7-45C1-A683-C0DBEEA7E127}"
EndProject
Project("{9A19103F-16F7-4668-BE54-9A1E7A4F7556}") = "I2CCommunicatorTester", "I2CCommunicatorTester\I2CCommunicatorTester.csproj", "{F9C41870-FE49-4565-BCD7-6E23983C722A}"
EndProject
Project("{FAE04EC0-301F-11D3-BF4B-00C04F79EFBC}") = "OneWire", "OneWire\OneWire.csproj", "{C7EBA93C-C73E-4829-8692-A88EB2B4122C}"
EndProject
Project("{FAE04EC0-301F-11D3-BF4B-00C04F79EFBC}") = "OneWireTester", "OneWireTester\OneWireTester.csproj", "{BB29149A-DE5E-4191-BB03-D5CC83D7024B}"
EndProject
Global
	GlobalSection(SolutionConfigurationPlatforms) = preSolution
		Debug|Any CPU = Debug|Any CPU
		Debug|ARM = Debug|ARM
		Debug|x64 = Debug|x64
		Debug|x86 = Debug|x86
		Release|Any CPU = Release|Any CPU
		Release|ARM = Release|ARM
		Release|x64 = Release|x64
		Release|x86 = Release|x86
	EndGlobalSection
	GlobalSection(ProjectConfigurationPlatforms) = postSolution
		{F39146A7-EC0C-4D6E-B1F6-A4E8472BF6BB}.Debug|Any CPU.ActiveCfg = Debug|Any CPU
		{F39146A7-EC0C-4D6E-B1F6-A4E8472BF6BB}.Debug|Any CPU.Build.0 = Debug|Any CPU
		{F39146A7-EC0C-4D6E-B1F6-A4E8472BF6BB}.Debug|ARM.ActiveCfg = Debug|Any CPU
		{F39146A7-EC0C-4D6E-B1F6-A4E8472BF6BB}.Debug|ARM.Build.0 = Debug|Any CPU
		{F39146A7-EC0C-4D6E-B1F6-A4E8472BF6BB}.Debug|x64.ActiveCfg = Debug|Any CPU
		{F39146A7-EC0C-4D6E-B1F6-A4E8472BF6BB}.Debug|x64.Build.0 = Debug|Any CPU
		{F39146A7-EC0C-4D6E-B1F6-A4E8472BF6BB}.Debug|x86.ActiveCfg = Debug|Any CPU
		{F39146A7-EC0C-4D6E-B1F6-A4E8472BF6BB}.Debug|x86.Build.0 = Debug|Any CPU
		{F39146A7-EC0C-4D6E-B1F6-A4E8472BF6BB}.Release|Any CPU.ActiveCfg = Release|Any CPU
		{F39146A7-EC0C-4D6E-B1F6-A4E8472BF6BB}.Release|Any CPU.Build.0 = Release|Any CPU
		{F39146A7-EC0C-4D6E-B1F6-A4E8472BF6BB}.Release|ARM.ActiveCfg = Release|Any CPU
		{F39146A7-EC0C-4D6E-B1F6-A4E8472BF6BB}.Release|ARM.Build.0 = Release|Any CPU
		{F39146A7-EC0C-4D6E-B1F6-A4E8472BF6BB}.Release|x64.ActiveCfg = Release|Any CPU
		{F39146A7-EC0C-4D6E-B1F6-A4E8472BF6BB}.Release|x64.Build.0 = Release|Any CPU
		{F39146A7-EC0C-4D6E-B1F6-A4E8472BF6BB}.Release|x86.ActiveCfg = Release|Any CPU
		{F39146A7-EC0C-4D6E-B1F6-A4E8472BF6BB}.Release|x86.Build.0 = Release|Any CPU
		{93874A1C-9CF7-45C1-A683-C0DBEEA7E127}.Debug|Any CPU.ActiveCfg = Debug|Any CPU
		{93874A1C-9CF7-45C1-A683-C0DBEEA7E127}.Debug|Any CPU.Build.0 = Debug|Any CPU
		{93874A1C-9CF7-45C1-A683-C0DBEEA7E127}.Debug|ARM.ActiveCfg = Debug|Any CPU
		{93874A1C-9CF7-45C1-A683-C0DBEEA7E127}.Debug|ARM.Build.0 = Debug|Any CPU
		{93874A1C-9CF7-45C1-A683-C0DBEEA7E127}.Debug|x64.ActiveCfg = Debug|Any CPU
		{93874A1C-9CF7-45C1-A683-C0DBEEA7E127}.Debug|x64.Build.0 = Debug|Any CPU
		{93874A1C-9CF7-45C1-A683-C0DBEEA7E127}.Debug|x86.ActiveCfg = Debug|Any CPU
		{93874A1C-9CF7-45C1-A683-C0DBEEA7E127}.Debug|x86.Build.0 = Debug|Any CPU
		{93874A1C-9CF7-45C1-A683-C0DBEEA7E127}.Release|Any CPU.ActiveCfg = Release|Any CPU
		{93874A1C-9CF7-45C1-A683-C0DBEEA7E127}.Release|Any CPU.Build.0 = Release|Any CPU
		{93874A1C-9CF7-45C1-A683-C0DBEEA7E127}.Release|ARM.ActiveCfg = Release|Any CPU
		{93874A1C-9CF7-45C1-A683-C0DBEEA7E127}.Release|ARM.Build.0 = Release|Any CPU
		{93874A1C-9CF7-45C1-A683-C0DBEEA7E127}.Release|x64.ActiveCfg = Release|Any CPU
		{93874A1C-9CF7-45C1-A683-C0DBEEA7E127}.Release|x64.Build.0 = Release|Any CPU
		{93874A1C-9CF7-45C1-A683-C0DBEEA7E127}.Release|x86.ActiveCfg = Release|Any CPU
		{93874A1C-9CF7-45C1-A683-C0DBEEA7E127}.Release|x86.Build.0 = Release|Any CPU
		{F9C41870-FE49-4565-BCD7-6E23983C722A}.Debug|Any CPU.ActiveCfg = Debug|Any CPU
		{F9C41870-FE49-4565-BCD7-6E23983C722A}.Debug|Any CPU.Build.0 = Debug|Any CPU
		{F9C41870-FE49-4565-BCD7-6E23983C722A}.Debug|ARM.ActiveCfg = Debug|Any CPU
		{F9C41870-FE49-4565-BCD7-6E23983C722A}.Debug|ARM.Build.0 = Debug|Any CPU
		{F9C41870-FE49-4565-BCD7-6E23983C722A}.Debug|x64.ActiveCfg = Debug|Any CPU
		{F9C41870-FE49-4565-BCD7-6E23983C722A}.Debug|x64.Build.0 = Debug|Any CPU
		{F9C41870-FE49-4565-BCD7-6E23983C722A}.Debug|x86.ActiveCfg = Debug|Any CPU
		{F9C41870-FE49-4565-BCD7-6E23983C722A}.Debug|x86.Build.0 = Debug|Any CPU
		{F9C41870-FE49-4565-BCD7-6E23983C722A}.Release|Any CPU.ActiveCfg = Release|Any CPU
		{F9C41870-FE49-4565-BCD7-6E23983C722A}.Release|Any CPU.Build.0 = Release|Any CPU
		{F9C41870-FE49-4565-BCD7-6E23983C722A}.Release|ARM.ActiveCfg = Release|Any CPU
		{F9C41870-FE49-4565-BCD7-6E23983C722A}.Release|ARM.Build.0 = Release|Any CPU
		{F9C41870-FE49-4565-BCD7-6E23983C722A}.Release|x64.ActiveCfg = Release|Any CPU
		{F9C41870-FE49-4565-BCD7-6E23983C722A}.Release|x64.Build.0 = Release|Any CPU
		{F9C41870-FE49-4565-BCD7-6E23983C722A}.Release|x86.ActiveCfg = Release|Any CPU
		{F9C41870-FE49-4565-BCD7-6E23983C722A}.Release|x86.Build.0 = Release|Any CPU
		{C7EBA93C-C73E-4829-8692-A88EB2B4122C}.Debug|Any CPU.ActiveCfg = Debug|Any CPU
		{C7EBA93C-C73E-4829-8692-A88EB2B4122C}.Debug|Any CPU.Build.0 = Debug|Any CPU
		{C7EBA93C-C73E-4829-8692-A88EB2B4122C}.Debug|ARM.ActiveCfg = Debug|Any CPU
		{C7EBA93C-C73E-4829-8692-A88EB2B4122C}.Debug|ARM.Build.0 = Debug|Any CPU
		{C7EBA93C-C73E-4829-8692-A88EB2B4122C}.Debug|x64.ActiveCfg = Debug|Any CPU
		{C7EBA93C-C73E-4829-8692-A88EB2B4122C}.Debug|x64.Build.0 = Debug|Any CPU
		{C7EBA93C-C73E-4829-8692-A88EB2B4122C}.Debug|x86.ActiveCfg = Debug|Any CPU
		{C7EBA93C-C73E-4829-8692-A88EB2B4122C}.Debug|x86.Build.0 = Debug|Any CPU
		{C7EBA93C-C73E-4829-8692-A88EB2B4122C}.Release|Any CPU.ActiveCfg = Release|Any CPU
		{C7EBA93C-C73E-4829-8692-A88EB2B4122C}.Release|Any CPU.Build.0 = Release|Any CPU
		{C7EBA93C-C73E-4829-8692-A88EB2B4122C}.Release|ARM.ActiveCfg = Release|Any CPU
		{C7EBA93C-C73E-4829-8692-A88EB2B4122C}.Release|ARM.Build.0 = Release|Any CPU
		{C7EBA93C-C73E-4829-8692-A88EB2B4122C}.Release|x64.ActiveCfg = Release|Any CPU
		{C7EBA93C-C73E-4829-8692-A88EB2B4122C}.Release|x64.Build.0 = Release|Any CPU
		{C7EBA93C-C73E-4829-8692-A88EB2B4122C}.Release|x86.ActiveCfg = Release|Any CPU
		{C7EBA93C-C73E-4829-8692-A88EB2B4122C}.Release|x86.Build.0 = Release|Any CPU
		{BB29149A-DE5E-4191-BB03-D5CC83D7024B}.Debug|Any CPU.ActiveCfg = Debug|Any CPU
		{BB29149A-DE5E-4191-BB03-D5CC83D7024B}.Debug|Any CPU.Build.0 = Debug|Any CPU
		{BB29149A-DE5E-4191-BB03-D5CC83D7024B}.Debug|ARM.ActiveCfg = Debug|Any CPU
		{BB29149A-DE5E-4191-BB03-D5CC83D7024B}.Debug|ARM.Build.0 = Debug|Any CPU
		{BB29149A-DE5E-4191-BB03-D5CC83D7024B}.Debug|x64.ActiveCfg = Debug|Any CPU
		{BB29149A-DE5E-4191-BB03-D5CC83D7024B}.Debug|x64.Build.0 = Debug|Any CPU
		{BB29149A-DE5E-4191-BB03-D5CC83D7024B}.Debug|x86.ActiveCfg = Debug|Any CPU
		{BB29149A-DE5E-4191-BB03-D5CC83D7024B}.Debug|x86.Build.0 = Debug|Any CPU
		{BB29149A-DE5E-4191-BB03-D5CC83D7024B}.Release|Any CPU.ActiveCfg = Release|Any CPU
		{BB29149A-DE5E-4191-BB03-D5CC83D7024B}.Release|Any CPU.Build.0 = Release|Any CPU
		{BB29149A-DE5E-4191-BB03-D5CC83D7024B}.Release|ARM.ActiveCfg = Release|Any CPU
		{BB29149A-DE5E-4191-BB03-D5CC83D7024B}.Release|ARM.Build.0 = Release|Any CPU
		{BB29149A-DE5E-4191-BB03-D5CC83D7024B}.Release|x64.ActiveCfg = Release|Any CPU
		{BB29149A-DE5E-4191-BB03-D5CC83D7024B}.Release|x64.Build.0 = Release|Any CPU
		{BB29149A-DE5E-4191-BB03-D5CC83D7024B}.Release|x86.ActiveCfg = Release|Any CPU
		{BB29149A-DE5E-4191-BB03-D5CC83D7024B}.Release|x86.Build.0 = Release|Any CPU
	EndGlobalSection
	GlobalSection(SolutionProperties) = preSolution
		HideSolutionNode = FALSE
	EndGlobalSection
	GlobalSection(ExtensibilityGlobals) = postSolution
		SolutionGuid = {2EC6B152-1274-4066-902B-789EE6E69001}
	EndGlobalSection
EndGlobal
